
Microsoft Visual Studio Solution File, Format Version 12.00
# Visual Studio Version 17
VisualStudioVersion = 17.11.35327.3
MinimumVisualStudioVersion = 10.0.40219.1
Project("{888888A0-9F3D-457C-B088-3A5042F75D52}") = "WebProject1", "WebProject1.pyproj", "{6CEA249C-D462-414D-BDCC-23D2E4B6D0EF}"
EndProject
Global
	GlobalSection(SolutionConfigurationPlatforms) = preSolution
		Debug|Any CPU = Debug|Any CPU
		Release|Any CPU = Release|Any CPU
	EndGlobalSection
	GlobalSection(ProjectConfigurationPlatforms) = postSolution
		{6CEA249C-D462-414D-BDCC-23D2E4B6D0EF}.Debug|Any CPU.ActiveCfg = Debug|Any CPU
		{6CEA249C-D462-414D-BDCC-23D2E4B6D0EF}.Debug|Any CPU.Build.0 = Debug|Any CPU
		{6CEA249C-D462-414D-BDCC-23D2E4B6D0EF}.Release|Any CPU.ActiveCfg = Release|Any CPU
		{6CEA249C-D462-414D-BDCC-23D2E4B6D0EF}.Release|Any CPU.Build.0 = Release|Any CPU
	EndGlobalSection
	GlobalSection(SolutionProperties) = preSolution
		HideSolutionNode = FALSE
	EndGlobalSection
	GlobalSection(ExtensibilityGlobals) = postSolution
		SolutionGuid = {76F1B6BA-EB33-4FF5-9EF0-99B4DD167042}
	EndGlobalSection
EndGlobal
